<?xml version="1.0" encoding="utf-8"?>
<Project ToolsVersion="4.0" xmlns="http://schemas.microsoft.com/developer/msbuild/2003">
  <ItemGroup>
    <Filter Include="Source Files">
      <UniqueIdentifier>{4FC737F1-C7A5-4376-A066-2A32D752A2FF}</UniqueIdentifier>
      <Extensions>cpp;c;cc;cxx;def;odl;idl;hpj;bat;asm;asmx</Extensions>
    </Filter>
    <Filter Include="Header Files">
      <UniqueIdentifier>{93995380-89BD-4b04-88EB-625FBE52EBFB}</UniqueIdentifier>
      <Extensions>h;hh;hpp;hxx;hm;inl;inc;ipp;xsd</Extensions>
    </Filter>
    <Filter Include="Resource Files">
      <UniqueIdentifier>{67DA6AB6-F800-4c08-8B7A-83BB121AAD01}</UniqueIdentifier>
      <Extensions>rc;ico;cur;bmp;dlg;rc2;rct;bin;rgs;gif;jpg;jpeg;jpe;resx;tiff;tif;png;wav;mfcribbon-ms</Extensions>
    </Filter>
  </ItemGroup>
  <ItemGroup>
    <ClCompile Include="Holder.cpp">
      <Filter>Source Files</Filter>
    </ClCompile>
    <ClCompile Include="TypeManager.cpp">
      <Filter>Source Files</Filter>
    </ClCompile>
    <ClCompile Include="SharedObjects.cpp">
      <Filter>Source Files</Filter>
    </ClCompile>
    <ClCompile Include="MessageDequeDispatcher.cpp">
      <Filter>Source Files</Filter>
    </ClCompile>
    <ClCompile Include="ExecutionManager.cpp">
      <Filter>Source Files</Filter>
    </ClCompile>
    <ClCompile Include="MQDExecutor.cpp">
      <Filter>Source Files</Filter>
    </ClCompile>
    <ClCompile Include="StartupTaskManager.cpp">
      <Filter>Source Files</Filter>
    </ClCompile>
    <ClCompile Include="PathFromString.cpp">
      <Filter>Source Files</Filter>
    </ClCompile>
    <ClCompile Include="SharedObjectStore.cpp">
      <Filter>Source Files</Filter>
    </ClCompile>
    <ClCompile Include="SingletonConfig.cpp">
      <Filter>Source Files</Filter>
    </ClCompile>
    <ClCompile Include="AppLibrary.cpp">
      <Filter>Source Files</Filter>
    </ClCompile>
    <ClCompile Include="BaseStarter.cpp">
      <Filter>Source Files</Filter>
    </ClCompile>
    <ClCompile Include="BaseServiceLink.cpp">
      <Filter>Source Files</Filter>
    </ClCompile>
    <ClCompile Include="BaseProxy.cpp">
      <Filter>Source Files</Filter>
    </ClCompile>
    <ClCompile Include="BaseMessageHandler.cpp">
      <Filter>Source Files</Filter>
    </ClCompile>
    <ClCompile Include="BaseClientObject.cpp">
      <Filter>Source Files</Filter>
    </ClCompile>
    <ClCompile Include="ConsoleTextService.cpp">
      <Filter>Source Files</Filter>
    </ClCompile>
  </ItemGroup>
  <ItemGroup>
    <ClInclude Include="IAppObject.h">
      <Filter>Header Files</Filter>
    </ClInclude>
    <ClInclude Include="IAppObjectFactory.h">
      <Filter>Header Files</Filter>
    </ClInclude>
    <ClInclude Include="AppLibrary.h">
      <Filter>Header Files</Filter>
    </ClInclude>
    <ClInclude Include="RegistrationHelper.h">
      <Filter>Header Files</Filter>
    </ClInclude>
    <ClInclude Include="ISharedObject.h">
      <Filter>Header Files</Filter>
    </ClInclude>
    <ClInclude Include="RaiiLambda.h">
      <Filter>Header Files</Filter>
    </ClInclude>
    <ClInclude Include="TypeInfoObjs.h">
      <Filter>Header Files</Filter>
    </ClInclude>
    <ClInclude Include="TypeID.h">
      <Filter>Header Files</Filter>
    </ClInclude>
    <ClInclude Include="SharedObjects.h">
      <Filter>Header Files</Filter>
    </ClInclude>
    <ClInclude Include="SharedObjectStore.h">
      <Filter>Header Files</Filter>
    </ClInclude>
    <ClInclude Include="MiniSpinMutex.h">
      <Filter>Header Files</Filter>
    </ClInclude>
    <ClInclude Include="Messaging.h">
      <Filter>Header Files</Filter>
    </ClInclude>
    <ClInclude Include="MessageDequeDispatcher.h">
      <Filter>Header Files</Filter>
    </ClInclude>
    <ClInclude Include="ExecutionManager.h">
      <Filter>Header Files</Filter>
    </ClInclude>
    <ClInclude Include="IExecutor.h">
      <Filter>Header Files</Filter>
    </ClInclude>
    <ClInclude Include="SingletonConfigBase.h">
      <Filter>Header Files</Filter>
    </ClInclude>
    <ClInclude Include="SingletonConfig.h">
      <Filter>Header Files</Filter>
    </ClInclude>
    <ClInclude Include="MQDExecutor.h">
      <Filter>Header Files</Filter>
    </ClInclude>
    <ClInclude Include="StartupTaskManager.h">
      <Filter>Header Files</Filter>
    </ClInclude>
    <ClInclude Include="BaseService.h">
      <Filter>Header Files</Filter>
    </ClInclude>
    <ClInclude Include="IService.h">
      <Filter>Header Files</Filter>
    </ClInclude>
    <ClInclude Include="ObjectTree.h">
      <Filter>Header Files</Filter>
    </ClInclude>
    <ClInclude Include="PathLib.h">
      <Filter>Header Files</Filter>
    </ClInclude>
    <ClInclude Include="PathFromString.h">
      <Filter>Header Files</Filter>
    </ClInclude>
    <ClInclude Include="StartupTaskManagerInterfaces.h">
      <Filter>Header Files</Filter>
    </ClInclude>
    <ClInclude Include="SharedObjectStoreInterfaces.h">
      <Filter>Header Files</Filter>
    </ClInclude>
    <ClInclude Include="AppObjectFactoryImpl.h">
      <Filter>Header Files</Filter>
    </ClInclude>
    <ClInclude Include="IStarter.h">
      <Filter>Header Files</Filter>
    </ClInclude>
    <ClInclude Include="AppArgumentHelper.h">
      <Filter>Header Files</Filter>
    </ClInclude>
    <ClInclude Include="BaseStarter.h">
      <Filter>Header Files</Filter>
    </ClInclude>
    <ClInclude Include="BaseProxy.h">
      <Filter>Header Files</Filter>
    </ClInclude>
    <ClInclude Include="IProxy.h">
      <Filter>Header Files</Filter>
    </ClInclude>
    <ClInclude Include="BaseMessageHandler.h">
      <Filter>Header Files</Filter>
    </ClInclude>
    <ClInclude Include="BaseServiceLink.h">
      <Filter>Header Files</Filter>
    </ClInclude>
    <ClInclude Include="BaseServiceObject.h">
      <Filter>Header Files</Filter>
    </ClInclude>
    <ClInclude Include="BaseClientObject.h">
      <Filter>Header Files</Filter>
    </ClInclude>
    <ClInclude Include="ITextService.h">
      <Filter>Header Files</Filter>
    </ClInclude>
    <ClInclude Include="ConsoleTextService.h">
      <Filter>Header Files</Filter>
    </ClInclude>
    <ClInclude Include="ServiceRegistrationHelper.h">
      <Filter>Header Files</Filter>
    </ClInclude>
  </ItemGroup>
</Project>